
Microsoft Visual Studio Solution File, Format Version 12.00
# Visual Studio Version 17
VisualStudioVersion = 17.5.33424.131
MinimumVisualStudioVersion = 10.0.40219.1
Project("{FAE04EC0-301F-11D3-BF4B-00C04F79EFBC}") = "5. Equal Sum", "5. Equal Sum\5. Equal Sum.csproj", "{8F606CA4-07ED-454C-92D8-0308CFF7CFB7}"
EndProject
Global
	GlobalSection(SolutionConfigurationPlatforms) = preSolution
		Debug|Any CPU = Debug|Any CPU
		Release|Any CPU = Release|Any CPU
	EndGlobalSection
	GlobalSection(ProjectConfigurationPlatforms) = postSolution
		{8F606CA4-07ED-454C-92D8-0308CFF7CFB7}.Debug|Any CPU.ActiveCfg = Debug|Any CPU
		{8F606CA4-07ED-454C-92D8-0308CFF7CFB7}.Debug|Any CPU.Build.0 = Debug|Any CPU
		{8F606CA4-07ED-454C-92D8-0308CFF7CFB7}.Release|Any CPU.ActiveCfg = Release|Any CPU
		{8F606CA4-07ED-454C-92D8-0308CFF7CFB7}.Release|Any CPU.Build.0 = Release|Any CPU
	EndGlobalSection
	GlobalSection(SolutionProperties) = preSolution
		HideSolutionNode = FALSE
	EndGlobalSection
	GlobalSection(ExtensibilityGlobals) = postSolution
		SolutionGuid = {56528696-6E68-4D00-9B88-5C5F64237C3E}
	EndGlobalSection
EndGlobal
